
Microsoft Visual Studio Solution File, Format Version 12.00
# Visual Studio Version 17
VisualStudioVersion = 17.9.34616.47
MinimumVisualStudioVersion = 10.0.40219.1
Project("{FAE04EC0-301F-11D3-BF4B-00C04F79EFBC}") = "perpustakaan_v3", "perpustakaan_v3\perpustakaan_v3.csproj", "{19119876-D107-491C-BA4D-6E6F34CEF599}"
EndProject
Global
	GlobalSection(SolutionConfigurationPlatforms) = preSolution
		Debug|Any CPU = Debug|Any CPU
		Release|Any CPU = Release|Any CPU
	EndGlobalSection
	GlobalSection(ProjectConfigurationPlatforms) = postSolution
		{19119876-D107-491C-BA4D-6E6F34CEF599}.Debug|Any CPU.ActiveCfg = Debug|Any CPU
		{19119876-D107-491C-BA4D-6E6F34CEF599}.Debug|Any CPU.Build.0 = Debug|Any CPU
		{19119876-D107-491C-BA4D-6E6F34CEF599}.Release|Any CPU.ActiveCfg = Release|Any CPU
		{19119876-D107-491C-BA4D-6E6F34CEF599}.Release|Any CPU.Build.0 = Release|Any CPU
	EndGlobalSection
	GlobalSection(SolutionProperties) = preSolution
		HideSolutionNode = FALSE
	EndGlobalSection
	GlobalSection(ExtensibilityGlobals) = postSolution
		SolutionGuid = {9ED1EBD8-93A7-40BF-A070-F5135D81B1DF}
	EndGlobalSection
EndGlobal
